
Microsoft Visual Studio Solution File, Format Version 12.00
# Visual Studio 2012
Project("{FAE04EC0-301F-11D3-BF4B-00C04F79EFBC}") = "ZeroFive.Forms.Images", "ZeroFive.Forms.Images\ZeroFive.Forms.Images.csproj", "{07B7ED4A-51E4-470E-9CEA-5D65FD672259}"
EndProject
Project("{FAE04EC0-301F-11D3-BF4B-00C04F79EFBC}") = "ZeroFive.Forms.Images.iOS", "ZeroFive.Forms.Images.iOS\ZeroFive.Forms.Images.iOS.csproj", "{7CEB5C50-F4ED-4894-9F7F-E37463889436}"
EndProject
Project("{FAE04EC0-301F-11D3-BF4B-00C04F79EFBC}") = "ZeroFive.Forms.Images.Droid", "ZeroFive.Forms.Images.Droid\ZeroFive.Forms.Images.Droid.csproj", "{E305F6D6-4338-49FC-801C-1CA28D391DBC}"
EndProject
Project("{D954291E-2A0B-460D-934E-DC6B0785DB48}") = "Example", "Example\Example\Example.shproj", "{B7331621-1953-4C72-9501-043E3E2F1437}"
EndProject
Project("{FAE04EC0-301F-11D3-BF4B-00C04F79EFBC}") = "Example.iOS", "Example\iOS\Example.iOS.csproj", "{1FA007FE-77D4-48CA-BB4B-AD789D780B85}"
EndProject
Project("{FAE04EC0-301F-11D3-BF4B-00C04F79EFBC}") = "Example.Droid", "Example\Droid\Example.Droid.csproj", "{6ADCA493-0643-471F-B94C-8BABE15EAAAE}"
EndProject
Project("{FAE04EC0-301F-11D3-BF4B-00C04F79EFBC}") = "Example.UITests", "Example\UITests\Example.UITests.csproj", "{8717D8D3-C325-4AD3-A255-018235DDA4B3}"
EndProject
Global
	GlobalSection(SolutionConfigurationPlatforms) = preSolution
		Debug|Any CPU = Debug|Any CPU
		Release|Any CPU = Release|Any CPU
		Debug|iPhoneSimulator = Debug|iPhoneSimulator
		Release|iPhone = Release|iPhone
		Release|iPhoneSimulator = Release|iPhoneSimulator
		Debug|iPhone = Debug|iPhone
	EndGlobalSection
	GlobalSection(ProjectConfigurationPlatforms) = postSolution
		{07B7ED4A-51E4-470E-9CEA-5D65FD672259}.Debug|Any CPU.ActiveCfg = Debug|Any CPU
		{07B7ED4A-51E4-470E-9CEA-5D65FD672259}.Debug|Any CPU.Build.0 = Debug|Any CPU
		{07B7ED4A-51E4-470E-9CEA-5D65FD672259}.Debug|iPhone.ActiveCfg = Debug|Any CPU
		{07B7ED4A-51E4-470E-9CEA-5D65FD672259}.Debug|iPhone.Build.0 = Debug|Any CPU
		{07B7ED4A-51E4-470E-9CEA-5D65FD672259}.Debug|iPhoneSimulator.ActiveCfg = Debug|Any CPU
		{07B7ED4A-51E4-470E-9CEA-5D65FD672259}.Debug|iPhoneSimulator.Build.0 = Debug|Any CPU
		{07B7ED4A-51E4-470E-9CEA-5D65FD672259}.Release|Any CPU.ActiveCfg = Release|Any CPU
		{07B7ED4A-51E4-470E-9CEA-5D65FD672259}.Release|Any CPU.Build.0 = Release|Any CPU
		{07B7ED4A-51E4-470E-9CEA-5D65FD672259}.Release|iPhone.ActiveCfg = Release|Any CPU
		{07B7ED4A-51E4-470E-9CEA-5D65FD672259}.Release|iPhone.Build.0 = Release|Any CPU
		{07B7ED4A-51E4-470E-9CEA-5D65FD672259}.Release|iPhoneSimulator.ActiveCfg = Release|Any CPU
		{07B7ED4A-51E4-470E-9CEA-5D65FD672259}.Release|iPhoneSimulator.Build.0 = Release|Any CPU
		{1FA007FE-77D4-48CA-BB4B-AD789D780B85}.Debug|Any CPU.ActiveCfg = Debug|iPhoneSimulator
		{1FA007FE-77D4-48CA-BB4B-AD789D780B85}.Debug|Any CPU.Build.0 = Debug|iPhoneSimulator
		{1FA007FE-77D4-48CA-BB4B-AD789D780B85}.Debug|iPhone.ActiveCfg = Debug|iPhone
		{1FA007FE-77D4-48CA-BB4B-AD789D780B85}.Debug|iPhone.Build.0 = Debug|iPhone
		{1FA007FE-77D4-48CA-BB4B-AD789D780B85}.Debug|iPhoneSimulator.ActiveCfg = Debug|iPhoneSimulator
		{1FA007FE-77D4-48CA-BB4B-AD789D780B85}.Debug|iPhoneSimulator.Build.0 = Debug|iPhoneSimulator
		{1FA007FE-77D4-48CA-BB4B-AD789D780B85}.Release|Any CPU.ActiveCfg = Release|iPhone
		{1FA007FE-77D4-48CA-BB4B-AD789D780B85}.Release|Any CPU.Build.0 = Release|iPhone
		{1FA007FE-77D4-48CA-BB4B-AD789D780B85}.Release|iPhone.ActiveCfg = Release|iPhone
		{1FA007FE-77D4-48CA-BB4B-AD789D780B85}.Release|iPhone.Build.0 = Release|iPhone
		{1FA007FE-77D4-48CA-BB4B-AD789D780B85}.Release|iPhoneSimulator.ActiveCfg = Release|iPhoneSimulator
		{1FA007FE-77D4-48CA-BB4B-AD789D780B85}.Release|iPhoneSimulator.Build.0 = Release|iPhoneSimulator
		{6ADCA493-0643-471F-B94C-8BABE15EAAAE}.Debug|Any CPU.ActiveCfg = Debug|Any CPU
		{6ADCA493-0643-471F-B94C-8BABE15EAAAE}.Debug|Any CPU.Build.0 = Debug|Any CPU
		{6ADCA493-0643-471F-B94C-8BABE15EAAAE}.Debug|iPhone.ActiveCfg = Debug|Any CPU
		{6ADCA493-0643-471F-B94C-8BABE15EAAAE}.Debug|iPhone.Build.0 = Debug|Any CPU
		{6ADCA493-0643-471F-B94C-8BABE15EAAAE}.Debug|iPhoneSimulator.ActiveCfg = Debug|Any CPU
		{6ADCA493-0643-471F-B94C-8BABE15EAAAE}.Debug|iPhoneSimulator.Build.0 = Debug|Any CPU
		{6ADCA493-0643-471F-B94C-8BABE15EAAAE}.Release|Any CPU.ActiveCfg = Release|Any CPU
		{6ADCA493-0643-471F-B94C-8BABE15EAAAE}.Release|Any CPU.Build.0 = Release|Any CPU
		{6ADCA493-0643-471F-B94C-8BABE15EAAAE}.Release|iPhone.ActiveCfg = Release|Any CPU
		{6ADCA493-0643-471F-B94C-8BABE15EAAAE}.Release|iPhone.Build.0 = Release|Any CPU
		{6ADCA493-0643-471F-B94C-8BABE15EAAAE}.Release|iPhoneSimulator.ActiveCfg = Release|Any CPU
		{6ADCA493-0643-471F-B94C-8BABE15EAAAE}.Release|iPhoneSimulator.Build.0 = Release|Any CPU
		{7CEB5C50-F4ED-4894-9F7F-E37463889436}.Debug|Any CPU.ActiveCfg = Debug|Any CPU
		{7CEB5C50-F4ED-4894-9F7F-E37463889436}.Debug|Any CPU.Build.0 = Debug|Any CPU
		{7CEB5C50-F4ED-4894-9F7F-E37463889436}.Debug|iPhone.ActiveCfg = Debug|Any CPU
		{7CEB5C50-F4ED-4894-9F7F-E37463889436}.Debug|iPhone.Build.0 = Debug|Any CPU
		{7CEB5C50-F4ED-4894-9F7F-E37463889436}.Debug|iPhoneSimulator.ActiveCfg = Debug|Any CPU
		{7CEB5C50-F4ED-4894-9F7F-E37463889436}.Debug|iPhoneSimulator.Build.0 = Debug|Any CPU
		{7CEB5C50-F4ED-4894-9F7F-E37463889436}.Release|Any CPU.ActiveCfg = Release|Any CPU
		{7CEB5C50-F4ED-4894-9F7F-E37463889436}.Release|Any CPU.Build.0 = Release|Any CPU
		{7CEB5C50-F4ED-4894-9F7F-E37463889436}.Release|iPhone.ActiveCfg = Release|Any CPU
		{7CEB5C50-F4ED-4894-9F7F-E37463889436}.Release|iPhone.Build.0 = Release|Any CPU
		{7CEB5C50-F4ED-4894-9F7F-E37463889436}.Release|iPhoneSimulator.ActiveCfg = Release|Any CPU
		{7CEB5C50-F4ED-4894-9F7F-E37463889436}.Release|iPhoneSimulator.Build.0 = Release|Any CPU
		{8717D8D3-C325-4AD3-A255-018235DDA4B3}.Debug|Any CPU.ActiveCfg = Debug|Any CPU
		{8717D8D3-C325-4AD3-A255-018235DDA4B3}.Debug|Any CPU.Build.0 = Debug|Any CPU
		{8717D8D3-C325-4AD3-A255-018235DDA4B3}.Debug|iPhone.ActiveCfg = Debug|Any CPU
		{8717D8D3-C325-4AD3-A255-018235DDA4B3}.Debug|iPhone.Build.0 = Debug|Any CPU
		{8717D8D3-C325-4AD3-A255-018235DDA4B3}.Debug|iPhoneSimulator.ActiveCfg = Debug|Any CPU
		{8717D8D3-C325-4AD3-A255-018235DDA4B3}.Debug|iPhoneSimulator.Build.0 = Debug|Any CPU
		{8717D8D3-C325-4AD3-A255-018235DDA4B3}.Release|Any CPU.ActiveCfg = Release|Any CPU
		{8717D8D3-C325-4AD3-A255-018235DDA4B3}.Release|Any CPU.Build.0 = Release|Any CPU
		{8717D8D3-C325-4AD3-A255-018235DDA4B3}.Release|iPhone.ActiveCfg = Release|Any CPU
		{8717D8D3-C325-4AD3-A255-018235DDA4B3}.Release|iPhone.Build.0 = Release|Any CPU
		{8717D8D3-C325-4AD3-A255-018235DDA4B3}.Release|iPhoneSimulator.ActiveCfg = Release|Any CPU
		{8717D8D3-C325-4AD3-A255-018235DDA4B3}.Release|iPhoneSimulator.Build.0 = Release|Any CPU
		{E305F6D6-4338-49FC-801C-1CA28D391DBC}.Debug|Any CPU.ActiveCfg = Debug|Any CPU
		{E305F6D6-4338-49FC-801C-1CA28D391DBC}.Debug|Any CPU.Build.0 = Debug|Any CPU
		{E305F6D6-4338-49FC-801C-1CA28D391DBC}.Debug|iPhone.ActiveCfg = Debug|Any CPU
		{E305F6D6-4338-49FC-801C-1CA28D391DBC}.Debug|iPhone.Build.0 = Debug|Any CPU
		{E305F6D6-4338-49FC-801C-1CA28D391DBC}.Debug|iPhoneSimulator.ActiveCfg = Debug|Any CPU
		{E305F6D6-4338-49FC-801C-1CA28D391DBC}.Debug|iPhoneSimulator.Build.0 = Debug|Any CPU
		{E305F6D6-4338-49FC-801C-1CA28D391DBC}.Release|Any CPU.ActiveCfg = Release|Any CPU
		{E305F6D6-4338-49FC-801C-1CA28D391DBC}.Release|Any CPU.Build.0 = Release|Any CPU
		{E305F6D6-4338-49FC-801C-1CA28D391DBC}.Release|iPhone.ActiveCfg = Release|Any CPU
		{E305F6D6-4338-49FC-801C-1CA28D391DBC}.Release|iPhone.Build.0 = Release|Any CPU
		{E305F6D6-4338-49FC-801C-1CA28D391DBC}.Release|iPhoneSimulator.ActiveCfg = Release|Any CPU
		{E305F6D6-4338-49FC-801C-1CA28D391DBC}.Release|iPhoneSimulator.Build.0 = Release|Any CPU
	EndGlobalSection
EndGlobal
